
Microsoft Visual Studio Solution File, Format Version 12.00
# Visual Studio Version 16
VisualStudioVersion = 16.0.32002.261
MinimumVisualStudioVersion = 10.0.40219.1
Project("{FAE04EC0-301F-11D3-BF4B-00C04F79EFBC}") = "PowerOData", "PowerOData\PowerOData.csproj", "{C9F9269E-FAD7-40C8-A391-8B2290C0BB02}"
EndProject
Project("{FAE04EC0-301F-11D3-BF4B-00C04F79EFBC}") = "Microsoft.PowerOData.Service", "Microsoft.PowerOData.Service\Microsoft.PowerOData.Service.csproj", "{3F07E718-61D6-40B5-9565-35140DA9BC51}"
EndProject
Global
	GlobalSection(SolutionConfigurationPlatforms) = preSolution
		Debug|Any CPU = Debug|Any CPU
		Release|Any CPU = Release|Any CPU
	EndGlobalSection
	GlobalSection(ProjectConfigurationPlatforms) = postSolution
		{C9F9269E-FAD7-40C8-A391-8B2290C0BB02}.Debug|Any CPU.ActiveCfg = Debug|Any CPU
		{C9F9269E-FAD7-40C8-A391-8B2290C0BB02}.Debug|Any CPU.Build.0 = Debug|Any CPU
		{C9F9269E-FAD7-40C8-A391-8B2290C0BB02}.Release|Any CPU.ActiveCfg = Release|Any CPU
		{C9F9269E-FAD7-40C8-A391-8B2290C0BB02}.Release|Any CPU.Build.0 = Release|Any CPU
		{3F07E718-61D6-40B5-9565-35140DA9BC51}.Debug|Any CPU.ActiveCfg = Debug|Any CPU
		{3F07E718-61D6-40B5-9565-35140DA9BC51}.Debug|Any CPU.Build.0 = Debug|Any CPU
		{3F07E718-61D6-40B5-9565-35140DA9BC51}.Release|Any CPU.ActiveCfg = Release|Any CPU
		{3F07E718-61D6-40B5-9565-35140DA9BC51}.Release|Any CPU.Build.0 = Release|Any CPU
	EndGlobalSection
	GlobalSection(SolutionProperties) = preSolution
		HideSolutionNode = FALSE
	EndGlobalSection
	GlobalSection(ExtensibilityGlobals) = postSolution
		SolutionGuid = {79EEFCC3-E516-408A-9DA4-D58CB72FDB91}
	EndGlobalSection
EndGlobal
